
Microsoft Visual Studio Solution File, Format Version 12.00
# Visual Studio Version 17
VisualStudioVersion = 17.0.31903.59
MinimumVisualStudioVersion = 10.0.40219.1
Project("{9A19103F-16F7-4668-BE54-9A1E7A4F7556}") = "OOP1", "OOP1\OOP1.csproj", "{4059DE98-108F-4A07-9ED1-7D979486A67D}"
EndProject
Project("{FAE04EC0-301F-11D3-BF4B-00C04F79EFBC}") = "MyLibrary", "MyLibrary\MyLibrary.csproj", "{5965EC45-80A6-481E-9C1C-B7E305382F9F}"
EndProject
Global
	GlobalSection(SolutionConfigurationPlatforms) = preSolution
		Debug|Any CPU = Debug|Any CPU
		Release|Any CPU = Release|Any CPU
	EndGlobalSection
	GlobalSection(ProjectConfigurationPlatforms) = postSolution
		{4059DE98-108F-4A07-9ED1-7D979486A67D}.Debug|Any CPU.ActiveCfg = Debug|Any CPU
		{4059DE98-108F-4A07-9ED1-7D979486A67D}.Debug|Any CPU.Build.0 = Debug|Any CPU
		{4059DE98-108F-4A07-9ED1-7D979486A67D}.Release|Any CPU.ActiveCfg = Release|Any CPU
		{4059DE98-108F-4A07-9ED1-7D979486A67D}.Release|Any CPU.Build.0 = Release|Any CPU
		{5965EC45-80A6-481E-9C1C-B7E305382F9F}.Debug|Any CPU.ActiveCfg = Debug|Any CPU
		{5965EC45-80A6-481E-9C1C-B7E305382F9F}.Debug|Any CPU.Build.0 = Debug|Any CPU
		{5965EC45-80A6-481E-9C1C-B7E305382F9F}.Release|Any CPU.ActiveCfg = Release|Any CPU
		{5965EC45-80A6-481E-9C1C-B7E305382F9F}.Release|Any CPU.Build.0 = Release|Any CPU
	EndGlobalSection
	GlobalSection(SolutionProperties) = preSolution
		HideSolutionNode = FALSE
	EndGlobalSection
	GlobalSection(ExtensibilityGlobals) = postSolution
		SolutionGuid = {7F63CB55-EB16-49F2-BC63-AD2EA9C95D5A}
	EndGlobalSection
EndGlobal
